{
  "version": 4,
  "terraform_version": "1.11.0",
  "serial": 13,
  "lineage": "b6b16f28-59e5-0120-103e-c9672ea685f3",
  "outputs": {
    "lambda_role_arn": {
      "value": "arn:aws:iam::762233757243:role/crt-mmc-deve-wallet_iss-lambda-role",
      "type": "string"
    }
  },
  "resources": [
    {
      "mode": "data",
      "type": "aws_caller_identity",
      "name": "current",
      "provider": "provider[\"registry.terraform.io/hashicorp/aws\"]",
      "instances": [
        {
          "schema_version": 0,
          "attributes": {
            "account_id": "762233757243",
            "arn": "arn:aws:iam::762233757243:user/mikhail-d",
            "id": "762233757243",
            "user_id": "AIDA3C6FMDY5TVCRXUVWP"
          },
          "sensitive_attributes": []
        }
      ]
    },
    {
      "mode": "data",
      "type": "aws_iam_policy_document",
      "name": "lambda_assume_role",
      "provider": "provider[\"registry.terraform.io/hashicorp/aws\"]",
      "instances": [
        {
          "schema_version": 0,
          "attributes": {
            "id": "2690255455",
            "json": "{\n  \"Version\": \"2012-10-17\",\n  \"Statement\": [\n    {\n      \"Effect\": \"Allow\",\n      \"Action\": \"sts:AssumeRole\",\n      \"Principal\": {\n        \"Service\": \"lambda.amazonaws.com\"\n      }\n    }\n  ]\n}",
            "minified_json": "{\"Version\":\"2012-10-17\",\"Statement\":[{\"Effect\":\"Allow\",\"Action\":\"sts:AssumeRole\",\"Principal\":{\"Service\":\"lambda.amazonaws.com\"}}]}",
            "override_json": null,
            "override_policy_documents": null,
            "policy_id": null,
            "source_json": null,
            "source_policy_documents": null,
            "statement": [
              {
                "actions": [
                  "sts:AssumeRole"
                ],
                "condition": [],
                "effect": "Allow",
                "not_actions": [],
                "not_principals": [],
                "not_resources": [],
                "principals": [
                  {
                    "identifiers": [
                      "lambda.amazonaws.com"
                    ],
                    "type": "Service"
                  }
                ],
                "resources": [],
                "sid": ""
              }
            ],
            "version": "2012-10-17"
          },
          "sensitive_attributes": []
        }
      ]
    },
    {
      "mode": "data",
      "type": "aws_s3_bucket",
      "name": "existing_bucket",
      "provider": "provider[\"registry.terraform.io/hashicorp/aws\"]",
      "instances": [
        {
          "schema_version": 0,
          "attributes": {
            "arn": "arn:aws:s3:::crt-mmc",
            "bucket": "crt-mmc",
            "bucket_domain_name": "crt-mmc.s3.amazonaws.com",
            "bucket_regional_domain_name": "crt-mmc.s3.eu-central-1.amazonaws.com",
            "hosted_zone_id": "Z21DNDUVLTQW6Q",
            "id": "crt-mmc",
            "region": "eu-central-1",
            "website_domain": null,
            "website_endpoint": null
          },
          "sensitive_attributes": []
        }
      ]
    },
    {
      "mode": "managed",
      "type": "aws_iam_policy",
      "name": "lambda_policy",
      "provider": "provider[\"registry.terraform.io/hashicorp/aws\"]",
      "instances": [
        {
          "schema_version": 0,
          "attributes": {
            "arn": "arn:aws:iam::762233757243:policy/crt-mmc-deve-wallet_iss-lambda-policy",
            "attachment_count": 1,
            "description": "IAM policy for Lambda function crt-mmc__deve__wallet_iss",
            "id": "arn:aws:iam::762233757243:policy/crt-mmc-deve-wallet_iss-lambda-policy",
            "name": "crt-mmc-deve-wallet_iss-lambda-policy",
            "name_prefix": "",
            "path": "/",
            "policy": "{\"Statement\":[{\"Action\":[\"logs:CreateLogGroup\",\"logs:CreateLogStream\",\"logs:PutLogEvents\"],\"Effect\":\"Allow\",\"Resource\":\"arn:aws:logs:eu-central-1:762233757243:log-group:/aws/lambda/crt-mmc__deve__wallet_iss:*\"},{\"Action\":[\"s3:GetObject\",\"s3:PutObject\"],\"Effect\":\"Allow\",\"Resource\":\"arn:aws:s3:::crt-mmc/development/wallet_issue.zip\"},{\"Action\":[\"dynamodb:PutItem\",\"dynamodb:GetItem\",\"dynamodb:UpdateItem\",\"dynamodb:DeleteItem\",\"dynamodb:Scan\",\"dynamodb:Query\"],\"Effect\":\"Allow\",\"Resource\":\"arn:aws:dynamodb:eu-central-1:762233757243:table/wallets-development\"},{\"Action\":[\"secretsmanager:CreateSecret\",\"secretsmanager:PutSecretValue\",\"secretsmanager:GetSecretValue\",\"secretsmanager:UpdateSecret\"],\"Effect\":\"Allow\",\"Resource\":\"arn:aws:secretsmanager:eu-central-1:762233757243:secret:/wallets/private/*\"}],\"Version\":\"2012-10-17\"}",
            "policy_id": "ANPA3C6FMDY54XGAE5QI4",
            "tags": {},
            "tags_all": {}
          },
          "sensitive_attributes": [],
          "private": "bnVsbA==",
          "dependencies": [
            "data.aws_caller_identity.current"
          ]
        }
      ]
    },
    {
      "mode": "managed",
      "type": "aws_iam_role",
      "name": "lambda_role",
      "provider": "provider[\"registry.terraform.io/hashicorp/aws\"]",
      "instances": [
        {
          "index_key": 0,
          "schema_version": 0,
          "attributes": {
            "arn": "arn:aws:iam::762233757243:role/crt-mmc-deve-wallet_iss-lambda-role",
            "assume_role_policy": "{\"Statement\":[{\"Action\":\"sts:AssumeRole\",\"Effect\":\"Allow\",\"Principal\":{\"Service\":\"lambda.amazonaws.com\"}}],\"Version\":\"2012-10-17\"}",
            "create_date": "2025-03-01T10:19:28Z",
            "description": "",
            "force_detach_policies": false,
            "id": "crt-mmc-deve-wallet_iss-lambda-role",
            "inline_policy": [],
            "managed_policy_arns": [
              "arn:aws:iam::762233757243:policy/crt-mmc-deve-wallet_iss-lambda-policy",
              "arn:aws:iam::aws:policy/service-role/AWSLambdaBasicExecutionRole"
            ],
            "max_session_duration": 3600,
            "name": "crt-mmc-deve-wallet_iss-lambda-role",
            "name_prefix": "",
            "path": "/",
            "permissions_boundary": "",
            "tags": {
              "Environment": "development",
              "Name": "crt-mmc__deve__wallet_iss",
              "Project": "crt-mmc"
            },
            "tags_all": {
              "Environment": "development",
              "Name": "crt-mmc__deve__wallet_iss",
              "Project": "crt-mmc"
            },
            "unique_id": "AROA3C6FMDY5THNEZ7WAU"
          },
          "sensitive_attributes": [],
          "private": "bnVsbA==",
          "dependencies": [
            "data.aws_iam_policy_document.lambda_assume_role"
          ],
          "create_before_destroy": true
        }
      ]
    },
    {
      "mode": "managed",
      "type": "aws_iam_role_policy_attachment",
      "name": "lambda_basic_execution",
      "provider": "provider[\"registry.terraform.io/hashicorp/aws\"]",
      "instances": [
        {
          "schema_version": 0,
          "attributes": {
            "id": "crt-mmc-deve-wallet_iss-lambda-role-20250301101929355200000001",
            "policy_arn": "arn:aws:iam::aws:policy/service-role/AWSLambdaBasicExecutionRole",
            "role": "crt-mmc-deve-wallet_iss-lambda-role"
          },
          "sensitive_attributes": [],
          "private": "bnVsbA==",
          "dependencies": [
            "aws_iam_role.lambda_role",
            "data.aws_iam_policy_document.lambda_assume_role"
          ]
        }
      ]
    },
    {
      "mode": "managed",
      "type": "aws_iam_role_policy_attachment",
      "name": "lambda_logging",
      "provider": "provider[\"registry.terraform.io/hashicorp/aws\"]",
      "instances": [
        {
          "schema_version": 0,
          "attributes": {
            "id": "crt-mmc-deve-wallet_iss-lambda-role-20250301101929842100000002",
            "policy_arn": "arn:aws:iam::762233757243:policy/crt-mmc-deve-wallet_iss-lambda-policy",
            "role": "crt-mmc-deve-wallet_iss-lambda-role"
          },
          "sensitive_attributes": [],
          "private": "bnVsbA==",
          "dependencies": [
            "aws_iam_policy.lambda_policy",
            "aws_iam_role.lambda_role",
            "data.aws_caller_identity.current",
            "data.aws_iam_policy_document.lambda_assume_role"
          ]
        }
      ]
    },
    {
      "mode": "managed",
      "type": "aws_lambda_alias",
      "name": "lambda_alias",
      "provider": "provider[\"registry.terraform.io/hashicorp/aws\"]",
      "instances": [
        {
          "schema_version": 0,
          "attributes": {
            "arn": "arn:aws:lambda:eu-central-1:762233757243:function:crt-mmc__deve__wallet_iss:latest",
            "description": "",
            "function_name": "crt-mmc__deve__wallet_iss",
            "function_version": "3",
            "id": "arn:aws:lambda:eu-central-1:762233757243:function:crt-mmc__deve__wallet_iss:latest",
            "invoke_arn": "arn:aws:apigateway:eu-central-1:lambda:path/2015-03-31/functions/arn:aws:lambda:eu-central-1:762233757243:function:crt-mmc__deve__wallet_iss:latest/invocations",
            "name": "latest",
            "routing_config": []
          },
          "sensitive_attributes": [],
          "private": "bnVsbA==",
          "dependencies": [
            "aws_iam_role.lambda_role",
            "aws_lambda_function.lambda_function",
            "aws_s3_object.lambda_code",
            "data.aws_iam_policy_document.lambda_assume_role",
            "data.aws_s3_bucket.existing_bucket"
          ]
        }
      ]
    },
    {
      "mode": "managed",
      "type": "aws_lambda_function",
      "name": "lambda_function",
      "provider": "provider[\"registry.terraform.io/hashicorp/aws\"]",
      "instances": [
        {
          "schema_version": 0,
          "attributes": {
            "architectures": [
              "arm64"
            ],
            "arn": "arn:aws:lambda:eu-central-1:762233757243:function:crt-mmc__deve__wallet_iss",
            "code_sha256": "8LptVnVt/esmWWJTDJf+2B5UNMuZgDEy+t3oTLApaiM=",
            "code_signing_config_arn": "",
            "dead_letter_config": [],
            "description": "",
            "environment": [
              {
                "variables": {
                  "ENVIRONMENT": "development",
                  "PROJECT": "crt-mmc"
                }
              }
            ],
            "ephemeral_storage": [
              {
                "size": 512
              }
            ],
            "file_system_config": [],
            "filename": null,
            "function_name": "crt-mmc__deve__wallet_iss",
            "handler": "lambda_function.lambda_handler",
            "id": "crt-mmc__deve__wallet_iss",
            "image_config": [],
            "image_uri": "",
            "invoke_arn": "arn:aws:apigateway:eu-central-1:lambda:path/2015-03-31/functions/arn:aws:lambda:eu-central-1:762233757243:function:crt-mmc__deve__wallet_iss/invocations",
            "kms_key_arn": "",
            "last_modified": "2025-03-01T11:00:37.000+0000",
            "layers": [],
            "logging_config": [
              {
                "application_log_level": "",
                "log_format": "Text",
                "log_group": "/aws/lambda/crt-mmc__deve__wallet_iss",
                "system_log_level": ""
              }
            ],
            "memory_size": 128,
            "package_type": "Zip",
            "publish": true,
            "qualified_arn": "arn:aws:lambda:eu-central-1:762233757243:function:crt-mmc__deve__wallet_iss:3",
            "qualified_invoke_arn": "arn:aws:apigateway:eu-central-1:lambda:path/2015-03-31/functions/arn:aws:lambda:eu-central-1:762233757243:function:crt-mmc__deve__wallet_iss:3/invocations",
            "replace_security_groups_on_destroy": null,
            "replacement_security_group_ids": null,
            "reserved_concurrent_executions": -1,
            "role": "arn:aws:iam::762233757243:role/crt-mmc-deve-wallet_iss-lambda-role",
            "runtime": "provided.al2",
            "s3_bucket": "crt-mmc",
            "s3_key": "development/wallet_issue.zip",
            "s3_object_version": null,
            "signing_job_arn": "",
            "signing_profile_version_arn": "",
            "skip_destroy": false,
            "snap_start": [],
            "source_code_hash": "8LptVnVt/esmWWJTDJf+2B5UNMuZgDEy+t3oTLApaiM=",
            "source_code_size": 14352652,
            "tags": {
              "Environment": "development",
              "Name": "crt-mmc__deve__wallet_iss",
              "Project": "crt-mmc"
            },
            "tags_all": {
              "Environment": "development",
              "Name": "crt-mmc__deve__wallet_iss",
              "Project": "crt-mmc"
            },
            "timeout": 3,
            "timeouts": null,
            "tracing_config": [
              {
                "mode": "PassThrough"
              }
            ],
            "version": "3",
            "vpc_config": []
          },
          "sensitive_attributes": [],
          "private": "eyJlMmJmYjczMC1lY2FhLTExZTYtOGY4OC0zNDM2M2JjN2M0YzAiOnsiY3JlYXRlIjo2MDAwMDAwMDAwMDAsImRlbGV0ZSI6NjAwMDAwMDAwMDAwLCJ1cGRhdGUiOjYwMDAwMDAwMDAwMH19",
          "dependencies": [
            "aws_iam_role.lambda_role",
            "aws_s3_object.lambda_code",
            "data.aws_iam_policy_document.lambda_assume_role",
            "data.aws_s3_bucket.existing_bucket"
          ],
          "create_before_destroy": true
        }
      ]
    },
    {
      "mode": "managed",
      "type": "aws_s3_object",
      "name": "lambda_code",
      "provider": "provider[\"registry.terraform.io/hashicorp/aws\"]",
      "instances": [
        {
          "schema_version": 0,
          "attributes": {
            "acl": null,
            "arn": "arn:aws:s3:::crt-mmc/development/wallet_issue.zip",
            "bucket": "crt-mmc",
            "bucket_key_enabled": false,
            "cache_control": "",
            "checksum_algorithm": null,
            "checksum_crc32": "",
            "checksum_crc32c": "",
            "checksum_crc64nvme": "",
            "checksum_sha1": "",
            "checksum_sha256": "",
            "content": null,
            "content_base64": null,
            "content_disposition": "",
            "content_encoding": "",
            "content_language": "",
            "content_type": "binary/octet-stream",
            "etag": "e585d0719c43ecc122a6132d34d11514-3",
            "force_destroy": false,
            "id": "development/wallet_issue.zip",
            "key": "development/wallet_issue.zip",
            "kms_key_id": null,
            "metadata": {},
            "object_lock_legal_hold_status": "",
            "object_lock_mode": "",
            "object_lock_retain_until_date": "",
            "override_provider": [],
            "server_side_encryption": "AES256",
            "source": "/home/metronom/Projects/crt_mmc/wallet_issue/wallet_issue.zip",
            "source_hash": null,
            "storage_class": "STANDARD",
            "tags": {
              "Environment": "development",
              "Name": "crt-mmc__deve__wallet_iss",
              "Project": "crt-mmc"
            },
            "tags_all": {
              "Environment": "development",
              "Name": "crt-mmc__deve__wallet_iss",
              "Project": "crt-mmc"
            },
            "version_id": "",
            "website_redirect": ""
          },
          "sensitive_attributes": [],
          "private": "bnVsbA==",
          "dependencies": [
            "data.aws_s3_bucket.existing_bucket"
          ],
          "create_before_destroy": true
        }
      ]
    }
  ],
  "check_results": null
}
